[[package]]
category = "main"
description = "A small Python module for determining appropriate platform-specific dirs, e.g. a \"user data dir\"."
name = "appdirs"
optional = false
python-versions = "*"
version = "1.4.3"

[[package]]
category = "dev"
description = "Atomic file writes."
marker = "sys_platform == \"win32\""
name = "atomicwrites"
optional = false
python-versions = ">=2.7, !=3.0.*, !=3.1.*, !=3.2.*, !=3.3.*"
version = "1.3.0"

[[package]]
category = "dev"
description = "Classes Without Boilerplate"
name = "attrs"
optional = false
python-versions = ">=2.7, !=3.0.*, !=3.1.*, !=3.2.*, !=3.3.*"
version = "19.3.0"

[package.extras]
azure-pipelines = ["coverage", "hypothesis", "pympler", "pytest (>=4.3.0)", "six", "zope.interface", "pytest-azurepipelines"]
dev = ["coverage", "hypothesis", "pympler", "pytest (>=4.3.0)", "six", "zope.interface", "sphinx", "pre-commit"]
docs = ["sphinx", "zope.interface"]
tests = ["coverage", "hypothesis", "pympler", "pytest (>=4.3.0)", "six", "zope.interface"]

[[package]]
category = "dev"
description = "Validate configuration and produce human readable error messages."
name = "cfgv"
optional = false
python-versions = ">=3.6.1"
version = "3.1.0"

[[package]]
category = "dev"
description = "Cross-platform colored terminal text."
marker = "sys_platform == \"win32\""
name = "colorama"
optional = false
python-versions = ">=2.7, !=3.0.*, !=3.1.*, !=3.2.*, !=3.3.*, !=3.4.*"
version = "0.4.3"

[[package]]
category = "dev"
description = "Code coverage measurement for Python"
name = "coverage"
optional = false
python-versions = ">=2.7, !=3.0.*, !=3.1.*, !=3.2.*, !=3.3.*, !=3.4.*, <4"
version = "5.0.3"

[package.extras]
toml = ["toml"]

[[package]]
category = "main"
description = "A set of flexible objects for representing UFO data."
name = "defcon"
optional = false
python-versions = "*"
version = "0.6.0"

[package.dependencies]
[package.dependencies.fontPens]
optional = true
version = ">=0.1.0"

[package.dependencies.fonttools]
extras = ["ufo", "unicode"]
version = ">=3.31.0"

[package.extras]
lxml = ["fonttools (>=3.31.0)"]
pens = ["fontPens (>=0.1.0)"]

[[package]]
category = "dev"
description = "Distribution utilities"
name = "distlib"
optional = false
python-versions = "*"
version = "0.3.0"

[[package]]
category = "dev"
description = "A platform independent file lock."
name = "filelock"
optional = false
python-versions = "*"
version = "3.0.12"

[[package]]
category = "main"
description = "A set of objects for performing math operations on font data."
name = "fontmath"
optional = false
python-versions = "*"
version = "0.5.2"

[package.dependencies]
fonttools = ">=3.32.0"

[[package]]
category = "main"
description = "An API for interacting with the parts of fonts during the font development process."
name = "fontparts"
optional = false
python-versions = "*"
version = "0.9.2"

[package.dependencies]
fontMath = ">=0.4.8"

[package.dependencies.FontTools]
extras = ["unicode", "ufo", "lxml"]
version = ">=3.32.0"

[package.dependencies.defcon]
extras = ["pens"]
version = ">=0.6.0"

[[package]]
category = "main"
description = "A collection of classes implementing the pen protocol for manipulating glyphs."
name = "fontpens"
optional = false
python-versions = "*"
version = "0.2.4"

[package.dependencies]
FontTools = ">=3.32.0"

[[package]]
category = "main"
description = "Tools to manipulate font files"
name = "fonttools"
optional = false
python-versions = ">=3.6"
version = "4.4.1"

[package.dependencies]
[package.dependencies.fs]
optional = true
version = ">=2.2.0,<3"

[package.dependencies.lxml]
optional = true
version = ">=4.0,<5"

[package.dependencies.unicodedata2]
optional = true
python = "<3.8"
version = ">=12.1.0"

[package.extras]
all = ["fs (>=2.2.0,<3)", "lxml (>=4.0,<5)", "zopfli (>=0.1.4)", "lz4 (>=1.7.4.2)", "matplotlib", "sympy", "brotli (>=1.0.1)", "scipy", "brotlipy (>=0.7.0)", "munkres", "unicodedata2 (>=12.1.0)", "xattr"]
graphite = ["lz4 (>=1.7.4.2)"]
interpolatable = ["scipy", "munkres"]
lxml = ["lxml (>=4.0,<5)"]
plot = ["matplotlib"]
symfont = ["sympy"]
type1 = ["xattr"]
ufo = ["fs (>=2.2.0,<3)"]
unicode = ["unicodedata2 (>=12.1.0)"]
woff = ["zopfli (>=0.1.4)", "brotli (>=1.0.1)", "brotlipy (>=0.7.0)"]

[[package]]
category = "main"
description = "Python's filesystem abstraction layer"
name = "fs"
optional = false
python-versions = "*"
version = "2.4.11"

[package.dependencies]
appdirs = ">=1.4.3,<1.5.0"
pytz = "*"
setuptools = "*"
six = ">=1.10,<2.0"

[package.extras]
scandir_ = ["scandir (>=1.5,<2.0)"]

[[package]]
category = "dev"
description = "File identification library for Python"
name = "identify"
optional = false
python-versions = "!=3.0.*,!=3.1.*,!=3.2.*,!=3.3.*,>=2.7"
version = "1.4.11"

[package.extras]
license = ["editdistance"]

[[package]]
category = "dev"
description = "Read metadata from Python packages"
marker = "python_version < \"3.8\""
name = "importlib-metadata"
optional = false
python-versions = "!=3.0.*,!=3.1.*,!=3.2.*,!=3.3.*,!=3.4.*,>=2.7"
version = "1.5.0"

[package.dependencies]
zipp = ">=0.5"

[package.extras]
docs = ["sphinx", "rst.linker"]
testing = ["packaging", "importlib-resources"]

[[package]]
category = "main"
description = "Powerful and Pythonic XML processing library combining libxml2/libxslt with the ElementTree API."
name = "lxml"
optional = false
python-versions = ">=2.7, !=3.0.*, !=3.1.*, !=3.2.*, !=3.3.*, != 3.4.*"
version = "4.5.0"

[package.extras]
cssselect = ["cssselect (>=0.7)"]
html5 = ["html5lib"]
htmlsoup = ["beautifulsoup4"]
source = ["Cython (>=0.29.7)"]

[[package]]
category = "dev"
description = "More routines for operating on iterables, beyond itertools"
name = "more-itertools"
optional = false
python-versions = ">=3.5"
version = "8.2.0"

[[package]]
category = "dev"
description = "Node.js virtual environment builder"
name = "nodeenv"
optional = false
python-versions = "*"
version = "1.3.5"

[[package]]
category = "dev"
description = "Core utilities for Python packages"
name = "packaging"
optional = false
python-versions = ">=2.7, !=3.0.*, !=3.1.*, !=3.2.*, !=3.3.*"
version = "20.1"

[package.dependencies]
pyparsing = ">=2.0.2"
six = "*"

[[package]]
category = "dev"
description = "plugin and hook calling mechanisms for python"
name = "pluggy"
optional = false
python-versions = ">=2.7, !=3.0.*, !=3.1.*, !=3.2.*, !=3.3.*"
version = "0.13.1"

[package.dependencies]
[package.dependencies.importlib-metadata]
python = "<3.8"
version = ">=0.12"

[package.extras]
dev = ["pre-commit", "tox"]

[[package]]
category = "dev"
description = "A framework for managing and maintaining multi-language pre-commit hooks."
name = "pre-commit"
optional = false
python-versions = ">=3.6"
version = "2.1.1"

[package.dependencies]
cfgv = ">=2.0.0"
identify = ">=1.0.0"
nodeenv = ">=0.11.1"
pyyaml = ">=5.1"
toml = "*"
virtualenv = ">=15.2"

[package.dependencies.importlib-metadata]
python = "<3.8"
version = "*"

[[package]]
category = "dev"
description = "library with cross-python path, ini-parsing, io, code, log facilities"
name = "py"
optional = false
python-versions = ">=2.7, !=3.0.*, !=3.1.*, !=3.2.*, !=3.3.*"
version = "1.8.1"

[[package]]
category = "dev"
description = "Python parsing module"
name = "pyparsing"
optional = false
python-versions = ">=2.6, !=3.0.*, !=3.1.*, !=3.2.*"
version = "2.4.6"

[[package]]
category = "dev"
description = "pytest: simple powerful testing with Python"
name = "pytest"
optional = false
python-versions = ">=3.5"
version = "5.3.5"

[package.dependencies]
atomicwrites = ">=1.0"
attrs = ">=17.4.0"
colorama = "*"
more-itertools = ">=4.0.0"
packaging = "*"
pluggy = ">=0.12,<1.0"
py = ">=1.5.0"
wcwidth = "*"

[package.dependencies.importlib-metadata]
python = "<3.8"
version = ">=0.12"

[package.extras]
checkqa-mypy = ["mypy (v0.761)"]
testing = ["argcomplete", "hypothesis (>=3.56)", "mock", "nose", "requests", "xmlschema"]

[[package]]
category = "dev"
description = "Pytest plugin for measuring coverage."
name = "pytest-cov"
optional = false
python-versions = ">=2.7, !=3.0.*, !=3.1.*, !=3.2.*, !=3.3.*"
version = "2.8.1"

[package.dependencies]
coverage = ">=4.4"
pytest = ">=3.6"

[package.extras]
testing = ["fields", "hunter", "process-tests (2.0.2)", "six", "virtualenv"]

[[package]]
category = "main"
description = "World timezone definitions, modern and historical"
name = "pytz"
optional = false
python-versions = "*"
version = "2019.3"

[[package]]
category = "dev"
description = "YAML parser and emitter for Python"
name = "pyyaml"
optional = false
python-versions = ">=2.7, !=3.0.*, !=3.1.*, !=3.2.*, !=3.3.*, !=3.4.*"
version = "5.3"

[[package]]
category = "main"
description = "Python 2 and 3 compatibility utilities"
name = "six"
optional = false
python-versions = ">=2.7, !=3.0.*, !=3.1.*, !=3.2.*"
version = "1.14.0"

[[package]]
category = "main"
description = "tasks runner for python projects"
name = "taskipy"
optional = false
python-versions = ">=3.6,<4.0"
version = "1.1.3"

[package.dependencies]
toml = ">=0.10.0,<0.11.0"

[[package]]
category = "main"
description = "Python Library for Tom's Obvious, Minimal Language"
name = "toml"
optional = false
python-versions = "*"
version = "0.10.0"

[[package]]
category = "main"
description = "Unicodedata backport for python 2/3 updated to the latest unicode version."
marker = "python_version < \"3.8\" and platform_python_implementation != \"PyPy\""
name = "unicodedata2"
optional = false
python-versions = "*"
version = "12.1.0"

[[package]]
category = "dev"
description = "Virtual Python Environment builder"
name = "virtualenv"
optional = false
python-versions = "!=3.0.*,!=3.1.*,!=3.2.*,!=3.3.*,>=2.7"
version = "20.0.7"

[package.dependencies]
appdirs = ">=1.4.3,<2"
distlib = ">=0.3.0,<1"
filelock = ">=3.0.0,<4"
six = ">=1.9.0,<2"

[package.dependencies.importlib-metadata]
python = "<3.8"
version = ">=0.12,<2"

[package.extras]
docs = ["sphinx (>=2.0.0,<3)", "sphinx-argparse (>=0.2.5,<1)", "sphinx-rtd-theme (>=0.4.3,<1)", "towncrier (>=19.9.0rc1)", "proselint (>=0.10.2,<1)"]
testing = ["pytest (>=4.0.0,<6)", "coverage (>=4.5.1,<6)", "pytest-mock (>=2.0.0,<3)", "pytest-env (>=0.6.2,<1)", "packaging (>=20.0)", "xonsh (>=0.9.13,<1)"]

[[package]]
category = "dev"
description = "Measures number of Terminal column cells of wide-character codes"
name = "wcwidth"
optional = false
python-versions = "*"
version = "0.1.8"

[[package]]
category = "dev"
description = "Backport of pathlib-compatible object wrapper for zip files"
marker = "python_version < \"3.8\""
name = "zipp"
optional = false
python-versions = ">=3.6"
version = "3.0.0"

[package.extras]
docs = ["sphinx", "jaraco.packaging (>=3.2)", "rst.linker (>=1.9)"]
testing = ["jaraco.itertools", "func-timeout"]

[metadata]
content-hash = "3bca47fdb8f31fd0eb58cd0fd98cb5ae49d7e24433de97447fdbd3915ed700f9"
python-versions = "^3.7"

[metadata.files]
appdirs = [
    {file = "appdirs-1.4.3-py2.py3-none-any.whl", hash = "sha256:d8b24664561d0d34ddfaec54636d502d7cea6e29c3eaf68f3df6180863e2166e"},
    {file = "appdirs-1.4.3.tar.gz", hash = "sha256:9e5896d1372858f8dd3344faf4e5014d21849c756c8d5701f78f8a103b372d92"},
]
atomicwrites = [
    {file = "atomicwrites-1.3.0-py2.py3-none-any.whl", hash = "sha256:03472c30eb2c5d1ba9227e4c2ca66ab8287fbfbbda3888aa93dc2e28fc6811b4"},
    {file = "atomicwrites-1.3.0.tar.gz", hash = "sha256:75a9445bac02d8d058d5e1fe689654ba5a6556a1dfd8ce6ec55a0ed79866cfa6"},
]
attrs = [
    {file = "attrs-19.3.0-py2.py3-none-any.whl", hash = "sha256:08a96c641c3a74e44eb59afb61a24f2cb9f4d7188748e76ba4bb5edfa3cb7d1c"},
    {file = "attrs-19.3.0.tar.gz", hash = "sha256:f7b7ce16570fe9965acd6d30101a28f62fb4a7f9e926b3bbc9b61f8b04247e72"},
]
cfgv = [
    {file = "cfgv-3.1.0-py2.py3-none-any.whl", hash = "sha256:1ccf53320421aeeb915275a196e23b3b8ae87dea8ac6698b1638001d4a486d53"},
    {file = "cfgv-3.1.0.tar.gz", hash = "sha256:c8e8f552ffcc6194f4e18dd4f68d9aef0c0d58ae7e7be8c82bee3c5e9edfa513"},
]
colorama = [
    {file = "colorama-0.4.3-py2.py3-none-any.whl", hash = "sha256:7d73d2a99753107a36ac6b455ee49046802e59d9d076ef8e47b61499fa29afff"},
    {file = "colorama-0.4.3.tar.gz", hash = "sha256:e96da0d330793e2cb9485e9ddfd918d456036c7149416295932478192f4436a1"},
]
coverage = [
    {file = "coverage-5.0.3-cp27-cp27m-macosx_10_12_x86_64.whl", hash = "sha256:cc1109f54a14d940b8512ee9f1c3975c181bbb200306c6d8b87d93376538782f"},
    {file = "coverage-5.0.3-cp27-cp27m-macosx_10_13_intel.whl", hash = "sha256:be18f4ae5a9e46edae3f329de2191747966a34a3d93046dbdf897319923923bc"},
    {file = "coverage-5.0.3-cp27-cp27m-manylinux1_i686.whl", hash = "sha256:3230d1003eec018ad4a472d254991e34241e0bbd513e97a29727c7c2f637bd2a"},
    {file = "coverage-5.0.3-cp27-cp27m-manylinux1_x86_64.whl", hash = "sha256:e69215621707119c6baf99bda014a45b999d37602cb7043d943c76a59b05bf52"},
    {file = "coverage-5.0.3-cp27-cp27m-win32.whl", hash = "sha256:1daa3eceed220f9fdb80d5ff950dd95112cd27f70d004c7918ca6dfc6c47054c"},
    {file = "coverage-5.0.3-cp27-cp27m-win_amd64.whl", hash = "sha256:51bc7710b13a2ae0c726f69756cf7ffd4362f4ac36546e243136187cfcc8aa73"},
    {file = "coverage-5.0.3-cp27-cp27mu-manylinux1_i686.whl", hash = "sha256:9bea19ac2f08672636350f203db89382121c9c2ade85d945953ef3c8cf9d2a68"},
    {file = "coverage-5.0.3-cp27-cp27mu-manylinux1_x86_64.whl", hash = "sha256:5012d3b8d5a500834783689a5d2292fe06ec75dc86ee1ccdad04b6f5bf231691"},
    {file = "coverage-5.0.3-cp35-cp35m-macosx_10_12_x86_64.whl", hash = "sha256:d513cc3db248e566e07a0da99c230aca3556d9b09ed02f420664e2da97eac301"},
    {file = "coverage-5.0.3-cp35-cp35m-manylinux1_i686.whl", hash = "sha256:3dbb72eaeea5763676a1a1efd9b427a048c97c39ed92e13336e726117d0b72bf"},
    {file = "coverage-5.0.3-cp35-cp35m-manylinux1_x86_64.whl", hash = "sha256:15cf13a6896048d6d947bf7d222f36e4809ab926894beb748fc9caa14605d9c3"},
    {file = "coverage-5.0.3-cp35-cp35m-win32.whl", hash = "sha256:fca1669d464f0c9831fd10be2eef6b86f5ebd76c724d1e0706ebdff86bb4adf0"},
    {file = "coverage-5.0.3-cp35-cp35m-win_amd64.whl", hash = "sha256:1e44a022500d944d42f94df76727ba3fc0a5c0b672c358b61067abb88caee7a0"},
    {file = "coverage-5.0.3-cp36-cp36m-macosx_10_13_x86_64.whl", hash = "sha256:b26aaf69713e5674efbde4d728fb7124e429c9466aeaf5f4a7e9e699b12c9fe2"},
    {file = "coverage-5.0.3-cp36-cp36m-manylinux1_i686.whl", hash = "sha256:722e4557c8039aad9592c6a4213db75da08c2cd9945320220634f637251c3894"},
    {file = "coverage-5.0.3-cp36-cp36m-manylinux1_x86_64.whl", hash = "sha256:7afad9835e7a651d3551eab18cbc0fdb888f0a6136169fbef0662d9cdc9987cf"},
    {file = "coverage-5.0.3-cp36-cp36m-win32.whl", hash = "sha256:25dbf1110d70bab68a74b4b9d74f30e99b177cde3388e07cc7272f2168bd1477"},
    {file = "coverage-5.0.3-cp36-cp36m-win_amd64.whl", hash = "sha256:c312e57847db2526bc92b9bfa78266bfbaabac3fdcd751df4d062cd4c23e46dc"},
    {file = "coverage-5.0.3-cp37-cp37m-macosx_10_13_x86_64.whl", hash = "sha256:a8b8ac7876bc3598e43e2603f772d2353d9931709345ad6c1149009fd1bc81b8"},
    {file = "coverage-5.0.3-cp37-cp37m-manylinux1_i686.whl", hash = "sha256:527b4f316e6bf7755082a783726da20671a0cc388b786a64417780b90565b987"},
    {file = "coverage-5.0.3-cp37-cp37m-manylinux1_x86_64.whl", hash = "sha256:d649dc0bcace6fcdb446ae02b98798a856593b19b637c1b9af8edadf2b150bea"},
    {file = "coverage-5.0.3-cp37-cp37m-win32.whl", hash = "sha256:cd60f507c125ac0ad83f05803063bed27e50fa903b9c2cfee3f8a6867ca600fc"},
    {file = "coverage-5.0.3-cp37-cp37m-win_amd64.whl", hash = "sha256:c60097190fe9dc2b329a0eb03393e2e0829156a589bd732e70794c0dd804258e"},
    {file = "coverage-5.0.3-cp38-cp38-macosx_10_13_x86_64.whl", hash = "sha256:d7008a6796095a79544f4da1ee49418901961c97ca9e9d44904205ff7d6aa8cb"},
    {file = "coverage-5.0.3-cp38-cp38-manylinux1_i686.whl", hash = "sha256:ea9525e0fef2de9208250d6c5aeeee0138921057cd67fcef90fbed49c4d62d37"},
    {file = "coverage-5.0.3-cp38-cp38-manylinux1_x86_64.whl", hash = "sha256:c62a2143e1313944bf4a5ab34fd3b4be15367a02e9478b0ce800cb510e3bbb9d"},
    {file = "coverage-5.0.3-cp38-cp38m-win32.whl", hash = "sha256:b0840b45187699affd4c6588286d429cd79a99d509fe3de0f209594669bb0954"},
    {file = "coverage-5.0.3-cp38-cp38m-win_amd64.whl", hash = "sha256:76e2057e8ffba5472fd28a3a010431fd9e928885ff480cb278877c6e9943cc2e"},
    {file = "coverage-5.0.3-cp39-cp39m-win32.whl", hash = "sha256:b63dd43f455ba878e5e9f80ba4f748c0a2156dde6e0e6e690310e24d6e8caf40"},
    {file = "coverage-5.0.3-cp39-cp39m-win_amd64.whl", hash = "sha256:da93027835164b8223e8e5af2cf902a4c80ed93cb0909417234f4a9df3bcd9af"},
    {file = "coverage-5.0.3.tar.gz", hash = "sha256:77afca04240c40450c331fa796b3eab6f1e15c5ecf8bf2b8bee9706cd5452fef"},
]
defcon = [
    {file = "defcon-0.6.0-py2.py3-none-any.whl", hash = "sha256:e057303d188f1a0961a0c70eebdedceac7fe11e6cd30421324bb7ee33cfcd614"},
    {file = "defcon-0.6.0.zip", hash = "sha256:52e461961b4b68ae6883f8a14a0d82f2d09f2de7a526b95c7d1b195c10ca745f"},
]
distlib = [
    {file = "distlib-0.3.0.zip", hash = "sha256:2e166e231a26b36d6dfe35a48c4464346620f8645ed0ace01ee31822b288de21"},
]
filelock = [
    {file = "filelock-3.0.12-py3-none-any.whl", hash = "sha256:929b7d63ec5b7d6b71b0fa5ac14e030b3f70b75747cef1b10da9b879fef15836"},
    {file = "filelock-3.0.12.tar.gz", hash = "sha256:18d82244ee114f543149c66a6e0c14e9c4f8a1044b5cdaadd0f82159d6a6ff59"},
]
fontmath = [
    {file = "fontMath-0.5.2-py2.py3-none-any.whl", hash = "sha256:176e5fa57a0e5e555fce34ccdc96f2c2240818423d9ac766531b29edbb9d503e"},
    {file = "fontMath-0.5.2.zip", hash = "sha256:9f7934f85859f057f8e6ff3fc2e80c1cd3ba8c9021e71a7794efdf74c6a49ce2"},
]
fontparts = [
    {file = "fontParts-0.9.2-py3-none-any.whl", hash = "sha256:e77ac3d56b887c4ebfba2ba099194b849b6c2b67f71d638643ada7ca6761ddc7"},
    {file = "fontParts-0.9.2.zip", hash = "sha256:134077ecba448ee30d102ce3fb870bcaf3ac5935d08c9ec8ef81e75cef6d9f43"},
]
fontpens = [
    {file = "fontPens-0.2.4-py2.py3-none-any.whl", hash = "sha256:cdef727e49b54ac6228f8fa087ee539258f7b0a6f0accb63cbf31d4bfc437ce7"},
    {file = "fontPens-0.2.4.zip", hash = "sha256:a6d9a14573b3450f3313d69523f9006028c21fc7aef5d35333b87aab7f2b41fd"},
]
fonttools = [
    {file = "fonttools-4.4.1-py3-none-any.whl", hash = "sha256:caa899d5fc70a5b09ab53078b2d17fc1c78dbd454aaffc1876b566b94515aec9"},
    {file = "fonttools-4.4.1.zip", hash = "sha256:fab07ad31b4d24d7b9798453f678faa179906d29a3ad15bddb92496f1f9ea122"},
]
fs = [
    {file = "fs-2.4.11-py2.py3-none-any.whl", hash = "sha256:cd6b178f373a0370feac8612fd3c142aa6a5cadd3d471b525b08db4d3b511c9c"},
    {file = "fs-2.4.11.tar.gz", hash = "sha256:cc99d476b500f993df8ef697b96dc70928ca2946a455c396a566efe021126767"},
]
identify = [
    {file = "identify-1.4.11-py2.py3-none-any.whl", hash = "sha256:1222b648251bdcb8deb240b294f450fbf704c7984e08baa92507e4ea10b436d5"},
    {file = "identify-1.4.11.tar.gz", hash = "sha256:d824ebe21f38325c771c41b08a95a761db1982f1fc0eee37c6c97df3f1636b96"},
]
importlib-metadata = [
    {file = "importlib_metadata-1.5.0-py2.py3-none-any.whl", hash = "sha256:b97607a1a18a5100839aec1dc26a1ea17ee0d93b20b0f008d80a5a050afb200b"},
    {file = "importlib_metadata-1.5.0.tar.gz", hash = "sha256:06f5b3a99029c7134207dd882428a66992a9de2bef7c2b699b5641f9886c3302"},
]
lxml = [
    {file = "lxml-4.5.0-cp27-cp27m-macosx_10_9_x86_64.whl", hash = "sha256:0701f7965903a1c3f6f09328c1278ac0eee8f56f244e66af79cb224b7ef3801c"},
    {file = "lxml-4.5.0-cp27-cp27m-manylinux1_i686.whl", hash = "sha256:06d4e0bbb1d62e38ae6118406d7cdb4693a3fa34ee3762238bcb96c9e36a93cd"},
    {file = "lxml-4.5.0-cp27-cp27m-manylinux1_x86_64.whl", hash = "sha256:5828c7f3e615f3975d48f40d4fe66e8a7b25f16b5e5705ffe1d22e43fb1f6261"},
    {file = "lxml-4.5.0-cp27-cp27m-win32.whl", hash = "sha256:afdb34b715daf814d1abea0317b6d672476b498472f1e5aacbadc34ebbc26e89"},
    {file = "lxml-4.5.0-cp27-cp27m-win_amd64.whl", hash = "sha256:585c0869f75577ac7a8ff38d08f7aac9033da2c41c11352ebf86a04652758b7a"},
    {file = "lxml-4.5.0-cp27-cp27mu-manylinux1_i686.whl", hash = "sha256:8a0ebda56ebca1a83eb2d1ac266649b80af8dd4b4a3502b2c1e09ac2f88fe128"},
    {file = "lxml-4.5.0-cp27-cp27mu-manylinux1_x86_64.whl", hash = "sha256:fe976a0f1ef09b3638778024ab9fb8cde3118f203364212c198f71341c0715ca"},
    {file = "lxml-4.5.0-cp35-cp35m-manylinux1_i686.whl", hash = "sha256:7bc1b221e7867f2e7ff1933165c0cec7153dce93d0cdba6554b42a8beb687bdb"},
    {file = "lxml-4.5.0-cp35-cp35m-manylinux1_x86_64.whl", hash = "sha256:d068f55bda3c2c3fcaec24bd083d9e2eede32c583faf084d6e4b9daaea77dde8"},
    {file = "lxml-4.5.0-cp35-cp35m-win32.whl", hash = "sha256:e4aa948eb15018a657702fee0b9db47e908491c64d36b4a90f59a64741516e77"},
    {file = "lxml-4.5.0-cp35-cp35m-win_amd64.whl", hash = "sha256:1f2c4ec372bf1c4a2c7e4bb20845e8bcf8050365189d86806bad1e3ae473d081"},
    {file = "lxml-4.5.0-cp36-cp36m-macosx_10_9_x86_64.whl", hash = "sha256:5d467ce9c5d35b3bcc7172c06320dddb275fea6ac2037f72f0a4d7472035cea9"},
    {file = "lxml-4.5.0-cp36-cp36m-manylinux1_i686.whl", hash = "sha256:95e67224815ef86924fbc2b71a9dbd1f7262384bca4bc4793645794ac4200717"},
    {file = "lxml-4.5.0-cp36-cp36m-manylinux1_x86_64.whl", hash = "sha256:ebec08091a22c2be870890913bdadd86fcd8e9f0f22bcb398abd3af914690c15"},
    {file = "lxml-4.5.0-cp36-cp36m-win32.whl", hash = "sha256:deadf4df349d1dcd7b2853a2c8796593cc346600726eff680ed8ed11812382a7"},
    {file = "lxml-4.5.0-cp36-cp36m-win_amd64.whl", hash = "sha256:f2b74784ed7e0bc2d02bd53e48ad6ba523c9b36c194260b7a5045071abbb1012"},
    {file = "lxml-4.5.0-cp37-cp37m-macosx_10_9_x86_64.whl", hash = "sha256:fa071559f14bd1e92077b1b5f6c22cf09756c6de7139370249eb372854ce51e6"},
    {file = "lxml-4.5.0-cp37-cp37m-manylinux1_i686.whl", hash = "sha256:edc15fcfd77395e24543be48871c251f38132bb834d9fdfdad756adb6ea37679"},
    {file = "lxml-4.5.0-cp37-cp37m-manylinux1_x86_64.whl", hash = "sha256:fd52e796fee7171c4361d441796b64df1acfceb51f29e545e812f16d023c4bbc"},
    {file = "lxml-4.5.0-cp37-cp37m-win32.whl", hash = "sha256:90ed0e36455a81b25b7034038e40880189169c308a3df360861ad74da7b68c1a"},
    {file = "lxml-4.5.0-cp37-cp37m-win_amd64.whl", hash = "sha256:df533af6f88080419c5a604d0d63b2c33b1c0c4409aba7d0cb6de305147ea8c8"},
    {file = "lxml-4.5.0-cp38-cp38-macosx_10_9_x86_64.whl", hash = "sha256:b4b2c63cc7963aedd08a5f5a454c9f67251b1ac9e22fd9d72836206c42dc2a72"},
    {file = "lxml-4.5.0-cp38-cp38-manylinux1_i686.whl", hash = "sha256:e5d842c73e4ef6ed8c1bd77806bf84a7cb535f9c0cf9b2c74d02ebda310070e1"},
    {file = "lxml-4.5.0-cp38-cp38-manylinux1_x86_64.whl", hash = "sha256:63dbc21efd7e822c11d5ddbedbbb08cd11a41e0032e382a0fd59b0b08e405a3a"},
    {file = "lxml-4.5.0-cp38-cp38-win32.whl", hash = "sha256:4235bc124fdcf611d02047d7034164897ade13046bda967768836629bc62784f"},
    {file = "lxml-4.5.0-cp38-cp38-win_amd64.whl", hash = "sha256:d5b3c4b7edd2e770375a01139be11307f04341ec709cf724e0f26ebb1eef12c3"},
    {file = "lxml-4.5.0.tar.gz", hash = "sha256:8620ce80f50d023d414183bf90cc2576c2837b88e00bea3f33ad2630133bbb60"},
]
more-itertools = [
    {file = "more-itertools-8.2.0.tar.gz", hash = "sha256:b1ddb932186d8a6ac451e1d95844b382f55e12686d51ca0c68b6f61f2ab7a507"},
    {file = "more_itertools-8.2.0-py3-none-any.whl", hash = "sha256:5dd8bcf33e5f9513ffa06d5ad33d78f31e1931ac9a18f33d37e77a180d393a7c"},
]
nodeenv = [
    {file = "nodeenv-1.3.5-py2.py3-none-any.whl", hash = "sha256:5b2438f2e42af54ca968dd1b374d14a1194848955187b0e5e4be1f73813a5212"},
]
packaging = [
    {file = "packaging-20.1-py2.py3-none-any.whl", hash = "sha256:170748228214b70b672c581a3dd610ee51f733018650740e98c7df862a583f73"},
    {file = "packaging-20.1.tar.gz", hash = "sha256:e665345f9eef0c621aa0bf2f8d78cf6d21904eef16a93f020240b704a57f1334"},
]
pluggy = [
    {file = "pluggy-0.13.1-py2.py3-none-any.whl", hash = "sha256:966c145cd83c96502c3c3868f50408687b38434af77734af1e9ca461a4081d2d"},
    {file = "pluggy-0.13.1.tar.gz", hash = "sha256:15b2acde666561e1298d71b523007ed7364de07029219b604cf808bfa1c765b0"},
]
pre-commit = [
    {file = "pre_commit-2.1.1-py2.py3-none-any.whl", hash = "sha256:09ebe467f43ce24377f8c2f200fe3cd2570d328eb2ce0568c8e96ce19da45fa6"},
    {file = "pre_commit-2.1.1.tar.gz", hash = "sha256:f8d555e31e2051892c7f7b3ad9f620bd2c09271d87e9eedb2ad831737d6211eb"},
]
py = [
    {file = "py-1.8.1-py2.py3-none-any.whl", hash = "sha256:c20fdd83a5dbc0af9efd622bee9a5564e278f6380fffcacc43ba6f43db2813b0"},
    {file = "py-1.8.1.tar.gz", hash = "sha256:5e27081401262157467ad6e7f851b7aa402c5852dbcb3dae06768434de5752aa"},
]
pyparsing = [
    {file = "pyparsing-2.4.6-py2.py3-none-any.whl", hash = "sha256:c342dccb5250c08d45fd6f8b4a559613ca603b57498511740e65cd11a2e7dcec"},
    {file = "pyparsing-2.4.6.tar.gz", hash = "sha256:4c830582a84fb022400b85429791bc551f1f4871c33f23e44f353119e92f969f"},
]
pytest = [
    {file = "pytest-5.3.5-py3-none-any.whl", hash = "sha256:ff615c761e25eb25df19edddc0b970302d2a9091fbce0e7213298d85fb61fef6"},
    {file = "pytest-5.3.5.tar.gz", hash = "sha256:0d5fe9189a148acc3c3eb2ac8e1ac0742cb7618c084f3d228baaec0c254b318d"},
]
pytest-cov = [
    {file = "pytest-cov-2.8.1.tar.gz", hash = "sha256:cc6742d8bac45070217169f5f72ceee1e0e55b0221f54bcf24845972d3a47f2b"},
    {file = "pytest_cov-2.8.1-py2.py3-none-any.whl", hash = "sha256:cdbdef4f870408ebdbfeb44e63e07eb18bb4619fae852f6e760645fa36172626"},
]
pytz = [
    {file = "pytz-2019.3-py2.py3-none-any.whl", hash = "sha256:1c557d7d0e871de1f5ccd5833f60fb2550652da6be2693c1e02300743d21500d"},
    {file = "pytz-2019.3.tar.gz", hash = "sha256:b02c06db6cf09c12dd25137e563b31700d3b80fcc4ad23abb7a315f2789819be"},
]
pyyaml = [
    {file = "PyYAML-5.3-cp27-cp27m-win32.whl", hash = "sha256:940532b111b1952befd7db542c370887a8611660d2b9becff75d39355303d82d"},
    {file = "PyYAML-5.3-cp27-cp27m-win_amd64.whl", hash = "sha256:059b2ee3194d718896c0ad077dd8c043e5e909d9180f387ce42012662a4946d6"},
    {file = "PyYAML-5.3-cp35-cp35m-win32.whl", hash = "sha256:4fee71aa5bc6ed9d5f116327c04273e25ae31a3020386916905767ec4fc5317e"},
    {file = "PyYAML-5.3-cp35-cp35m-win_amd64.whl", hash = "sha256:dbbb2379c19ed6042e8f11f2a2c66d39cceb8aeace421bfc29d085d93eda3689"},
    {file = "PyYAML-5.3-cp36-cp36m-win32.whl", hash = "sha256:e3a057b7a64f1222b56e47bcff5e4b94c4f61faac04c7c4ecb1985e18caa3994"},
    {file = "PyYAML-5.3-cp36-cp36m-win_amd64.whl", hash = "sha256:74782fbd4d4f87ff04159e986886931456a1894c61229be9eaf4de6f6e44b99e"},
    {file = "PyYAML-5.3-cp37-cp37m-win32.whl", hash = "sha256:24521fa2890642614558b492b473bee0ac1f8057a7263156b02e8b14c88ce6f5"},
    {file = "PyYAML-5.3-cp37-cp37m-win_amd64.whl", hash = "sha256:1cf708e2ac57f3aabc87405f04b86354f66799c8e62c28c5fc5f88b5521b2dbf"},
    {file = "PyYAML-5.3-cp38-cp38-win32.whl", hash = "sha256:70024e02197337533eef7b85b068212420f950319cc8c580261963aefc75f811"},
    {file = "PyYAML-5.3-cp38-cp38-win_amd64.whl", hash = "sha256:cb1f2f5e426dc9f07a7681419fe39cee823bb74f723f36f70399123f439e9b20"},
    {file = "PyYAML-5.3.tar.gz", hash = "sha256:e9f45bd5b92c7974e59bcd2dcc8631a6b6cc380a904725fce7bc08872e691615"},
]
six = [
    {file = "six-1.14.0-py2.py3-none-any.whl", hash = "sha256:8f3cd2e254d8f793e7f3d6d9df77b92252b52637291d0f0da013c76ea2724b6c"},
    {file = "six-1.14.0.tar.gz", hash = "sha256:236bdbdce46e6e6a3d61a337c0f8b763ca1e8717c03b369e87a7ec7ce1319c0a"},
]
taskipy = [
    {file = "taskipy-1.1.3-py3-none-any.whl", hash = "sha256:b5c94e1d06d5f5d10b916c29e12615c34ab701e2132fcdb5024572c728c83595"},
    {file = "taskipy-1.1.3.tar.gz", hash = "sha256:2ca48f072549ed44091a8b29a14c37d22d8b6dad8c6a065469f6b944951c7f07"},
]
toml = [
    {file = "toml-0.10.0-py2.7.egg", hash = "sha256:f1db651f9657708513243e61e6cc67d101a39bad662eaa9b5546f789338e07a3"},
    {file = "toml-0.10.0-py2.py3-none-any.whl", hash = "sha256:235682dd292d5899d361a811df37e04a8828a5b1da3115886b73cf81ebc9100e"},
    {file = "toml-0.10.0.tar.gz", hash = "sha256:229f81c57791a41d65e399fc06bf0848bab550a9dfd5ed66df18ce5f05e73d5c"},
]
unicodedata2 = [
    {file = "unicodedata2-12.1.0-cp27-cp27m-macosx_10_6_intel.whl", hash = "sha256:61243c720e94d71d3117a3c4fffaa74862ac5d73c688a36cbfee35182c35da33"},
    {file = "unicodedata2-12.1.0-cp27-cp27m-manylinux1_i686.whl", hash = "sha256:5881a3b316c30357cab92e35062810825233d487a0e3db24b3f616c575c549de"},
    {file = "unicodedata2-12.1.0-cp27-cp27m-manylinux1_x86_64.whl", hash = "sha256:53afae59b0c36f7a73b362e37ec8ff5dca7659067e3361576cbd05e7f6419757"},
    {file = "unicodedata2-12.1.0-cp27-cp27m-win32.whl", hash = "sha256:7f462b91de83274b98530446d1bcccf5b71df504461cab9ba3ae2cc2ab1199d1"},
    {file = "unicodedata2-12.1.0-cp27-cp27m-win_amd64.whl", hash = "sha256:c688c34ad911a5af696ffcfc576d7df285304f6dca32bdae0fbeb6c1e00d2bed"},
    {file = "unicodedata2-12.1.0-cp27-cp27mu-manylinux1_i686.whl", hash = "sha256:513acbe2236317eaa7d15d17d359a2025a84f098f6cc838d243e0e5ae876afec"},
    {file = "unicodedata2-12.1.0-cp27-cp27mu-manylinux1_x86_64.whl", hash = "sha256:c1819072fa34cb2a524af12eb8e73cba53b8d23c4f6aec8ee4b84944dfa72e3f"},
    {file = "unicodedata2-12.1.0-cp35-cp35m-macosx_10_6_intel.whl", hash = "sha256:ec6eef291c4978284c2a241be5022f9d2635c9f57907f2ffe9b3ee48d341a4f6"},
    {file = "unicodedata2-12.1.0-cp35-cp35m-manylinux1_i686.whl", hash = "sha256:b818e6e9efe762c66c9287ea2dafe38909d25fd414955630faf0c451d8bf2f6e"},
    {file = "unicodedata2-12.1.0-cp35-cp35m-manylinux1_x86_64.whl", hash = "sha256:a51ebe85699b9b1fc6ea3c251a3d14a2fccd99c2c5f978c636289d249273a96f"},
    {file = "unicodedata2-12.1.0-cp35-cp35m-win32.whl", hash = "sha256:98dbe8d522f79bb1f618305138d5b74a31da667ead11d94ac1ccef49b743f963"},
    {file = "unicodedata2-12.1.0-cp35-cp35m-win_amd64.whl", hash = "sha256:aad08e3eab21ccec850c01beac492f5f6f4bc16a7d2e8fd22d8861b34fdddd9e"},
    {file = "unicodedata2-12.1.0-cp36-cp36m-macosx_10_6_intel.whl", hash = "sha256:3aacf9151aa7ab1bc5b42246c6dfceeaba429f84de5b1e3da77128d48bd2ad0a"},
    {file = "unicodedata2-12.1.0-cp36-cp36m-manylinux1_i686.whl", hash = "sha256:b5e5f4f1125aae5eaac663338dc484996a5f9a7274eb47bbc59cc905743e421e"},
    {file = "unicodedata2-12.1.0-cp36-cp36m-manylinux1_x86_64.whl", hash = "sha256:d25cef86ea3929a82543258d816fcf4fc5002049c568fd1e3d1c39fb81119f29"},
    {file = "unicodedata2-12.1.0-cp36-cp36m-win32.whl", hash = "sha256:2bb79f204bb5b452b970c24c67c11a0d373d8f5d5601f761fef45c42856e2ca6"},
    {file = "unicodedata2-12.1.0-cp36-cp36m-win_amd64.whl", hash = "sha256:042b3c1039cdd86c35b2f5c08597b20b46cccff4b848ddac16e29ad094318e38"},
    {file = "unicodedata2-12.1.0-cp37-cp37m-macosx_10_6_intel.whl", hash = "sha256:b7ce2fd49a0e9f1bc8edb9dff792ce6b8b0a3a4d34bf2428be40f8e2b2cb5f23"},
    {file = "unicodedata2-12.1.0-cp37-cp37m-manylinux1_i686.whl", hash = "sha256:a2e5b36549f232180d19d42cbdb83c508812be2007b3b515ba4b15d7ffc3b93c"},
    {file = "unicodedata2-12.1.0-cp37-cp37m-manylinux1_x86_64.whl", hash = "sha256:127f295830b11a8ccd1795ce9feb766ef632a3dc7aa815b3287f67c2f683fcab"},
    {file = "unicodedata2-12.1.0-cp37-cp37m-win32.whl", hash = "sha256:f856f0f3b17dced29715a479e73482b081bbc4ef54b88772f811fedc3dee0a8f"},
    {file = "unicodedata2-12.1.0-cp37-cp37m-win_amd64.whl", hash = "sha256:838795278bd8bbc8bef4b6079f4b4c90c16813d72c85d34dfa82aa9b0022503c"},
    {file = "unicodedata2-12.1.0.tar.gz", hash = "sha256:c86829393d1fba1b306e26fa46852c9841a7342ca9131909e5e44df7af959946"},
]
virtualenv = [
    {file = "virtualenv-20.0.7-py2.py3-none-any.whl", hash = "sha256:30ea90b21dabd11da5f509710ad3be2ae47d40ccbc717dfdd2efe4367c10f598"},
    {file = "virtualenv-20.0.7.tar.gz", hash = "sha256:4a36a96d785428278edd389d9c36d763c5755844beb7509279194647b1ef47f1"},
]
wcwidth = [
    {file = "wcwidth-0.1.8-py2.py3-none-any.whl", hash = "sha256:8fd29383f539be45b20bd4df0dc29c20ba48654a41e661925e612311e9f3c603"},
    {file = "wcwidth-0.1.8.tar.gz", hash = "sha256:f28b3e8a6483e5d49e7f8949ac1a78314e740333ae305b4ba5defd3e74fb37a8"},
]
zipp = [
    {file = "zipp-3.0.0-py3-none-any.whl", hash = "sha256:12248a63bbdf7548f89cb4c7cda4681e537031eda29c02ea29674bc6854460c2"},
    {file = "zipp-3.0.0.tar.gz", hash = "sha256:7c0f8e91abc0dc07a5068f315c52cb30c66bfbc581e5b50704c8a2f6ebae794a"},
]
